// !$*UTF8*$!
{
	archiveVersion = 1;
	classes = {
	};
	objectVersion = 56;
	objects = {

/* Begin PBXBuildFile section */
		DF27BCD22BBA976D0097FD10 /* SwiftUICombineDemoProjectApp.swift in Sources */ = {isa = PBXBuildFile; fileRef = DF27BCD12BBA976D0097FD10 /* SwiftUICombineDemoProjectApp.swift */; };
		DF27BCD42BBA976D0097FD10 /* ContentView.swift in Sources */ = {isa = PBXBuildFile; fileRef = DF27BCD32BBA976D0097FD10 /* ContentView.swift */; };
		DF27BCD62BBA976F0097FD10 /* Assets.xcassets in Resources */ = {isa = PBXBuildFile; fileRef = DF27BCD52BBA976F0097FD10 /* Assets.xcassets */; };
		DF27BCDA2BBA976F0097FD10 /* Preview Assets.xcassets in Resources */ = {isa = PBXBuildFile; fileRef = DF27BCD92BBA976F0097FD10 /* Preview Assets.xcassets */; };
		DF27BCE42BBA97700097FD10 /* SwiftUICombineDemoProjectTests.swift in Sources */ = {isa = PBXBuildFile; fileRef = DF27BCE32BBA97700097FD10 /* SwiftUICombineDemoProjectTests.swift */; };
		DF27BCEE2BBA97700097FD10 /* SwiftUICombineDemoProjectUITests.swift in Sources */ = {isa = PBXBuildFile; fileRef = DF27BCED2BBA97700097FD10 /* SwiftUICombineDemoProjectUITests.swift */; };
		DF27BCF02BBA97700097FD10 /* SwiftUICombineDemoProjectUITestsLaunchTests.swift in Sources */ = {isa = PBXBuildFile; fileRef = DF27BCEF2BBA97700097FD10 /* SwiftUICombineDemoProjectUITestsLaunchTests.swift */; };
		DF27BD002BBA9B6E0097FD10 /* DetailedWordView.swift in Sources */ = {isa = PBXBuildFile; fileRef = DF27BCFF2BBA9B6E0097FD10 /* DetailedWordView.swift */; };
		DF27BD022BBAD4000097FD10 /* WordDetailsViewModel.swift in Sources */ = {isa = PBXBuildFile; fileRef = DF27BD012BBAD4000097FD10 /* WordDetailsViewModel.swift */; };
		DF27BD042BBAD6010097FD10 /* WordDetailsModel.swift in Sources */ = {isa = PBXBuildFile; fileRef = DF27BD032BBAD6010097FD10 /* WordDetailsModel.swift */; };
		DF27BD072BBD57AD0097FD10 /* Constant.swift in Sources */ = {isa = PBXBuildFile; fileRef = DF27BD062BBD57AD0097FD10 /* Constant.swift */; };
		DF27BD092BBD62320097FD10 /* TestWordDetailsViewModel.swift in Sources */ = {isa = PBXBuildFile; fileRef = DF27BD082BBD62320097FD10 /* TestWordDetailsViewModel.swift */; };
		DF27BD0D2BBD7DF00097FD10 /* wordDetails.json in Resources */ = {isa = PBXBuildFile; fileRef = DF27BD0C2BBD7DF00097FD10 /* wordDetails.json */; };
/* End PBXBuildFile section */

/* Begin PBXContainerItemProxy section */
		DF27BCE02BBA97700097FD10 /* PBXContainerItemProxy */ = {
			isa = PBXContainerItemProxy;
			containerPortal = DF27BCC62BBA976D0097FD10 /* Project object */;
			proxyType = 1;
			remoteGlobalIDString = DF27BCCD2BBA976D0097FD10;
			remoteInfo = SwiftUICombineDemoProject;
		};
		DF27BCEA2BBA97700097FD10 /* PBXContainerItemProxy */ = {
			isa = PBXContainerItemProxy;
			containerPortal = DF27BCC62BBA976D0097FD10 /* Project object */;
			proxyType = 1;
			remoteGlobalIDString = DF27BCCD2BBA976D0097FD10;
			remoteInfo = SwiftUICombineDemoProject;
		};
/* End PBXContainerItemProxy section */

/* Begin PBXFileReference section */
		DF27BCCE2BBA976D0097FD10 /* SwiftUICombineDemoProject.app */ = {isa = PBXFileReference; explicitFileType = wrapper.application; includeInIndex = 0; path = SwiftUICombineDemoProject.app; sourceTree = BUILT_PRODUCTS_DIR; };
		DF27BCD12BBA976D0097FD10 /* SwiftUICombineDemoProjectApp.swift */ = {isa = PBXFileReference; lastKnownFileType = sourcecode.swift; path = SwiftUICombineDemoProjectApp.swift; sourceTree = "<group>"; };
		DF27BCD32BBA976D0097FD10 /* ContentView.swift */ = {isa = PBXFileReference; lastKnownFileType = sourcecode.swift; path = ContentView.swift; sourceTree = "<group>"; };
		DF27BCD52BBA976F0097FD10 /* Assets.xcassets */ = {isa = PBXFileReference; lastKnownFileType = folder.assetcatalog; path = Assets.xcassets; sourceTree = "<group>"; };
		DF27BCD72BBA976F0097FD10 /* SwiftUICombineDemoProject.entitlements */ = {isa = PBXFileReference; lastKnownFileType = text.plist.entitlements; path = SwiftUICombineDemoProject.entitlements; sourceTree = "<group>"; };
		DF27BCD92BBA976F0097FD10 /* Preview Assets.xcassets */ = {isa = PBXFileReference; lastKnownFileType = folder.assetcatalog; path = "Preview Assets.xcassets"; sourceTree = "<group>"; };
		DF27BCDF2BBA97700097FD10 /* SwiftUICombineDemoProjectTests.xctest */ = {isa = PBXFileReference; explicitFileType = wrapper.cfbundle; includeInIndex = 0; path = SwiftUICombineDemoProjectTests.xctest; sourceTree = BUILT_PRODUCTS_DIR; };
		DF27BCE32BBA97700097FD10 /* SwiftUICombineDemoProjectTests.swift */ = {isa = PBXFileReference; lastKnownFileType = sourcecode.swift; path = SwiftUICombineDemoProjectTests.swift; sourceTree = "<group>"; };
		DF27BCE92BBA97700097FD10 /* SwiftUICombineDemoProjectUITests.xctest */ = {isa = PBXFileReference; explicitFileType = wrapper.cfbundle; includeInIndex = 0; path = SwiftUICombineDemoProjectUITests.xctest; sourceTree = BUILT_PRODUCTS_DIR; };
		DF27BCED2BBA97700097FD10 /* SwiftUICombineDemoProjectUITests.swift */ = {isa = PBXFileReference; lastKnownFileType = sourcecode.swift; path = SwiftUICombineDemoProjectUITests.swift; sourceTree = "<group>"; };
		DF27BCEF2BBA97700097FD10 /* SwiftUICombineDemoProjectUITestsLaunchTests.swift */ = {isa = PBXFileReference; lastKnownFileType = sourcecode.swift; path = SwiftUICombineDemoProjectUITestsLaunchTests.swift; sourceTree = "<group>"; };
		DF27BCFF2BBA9B6E0097FD10 /* DetailedWordView.swift */ = {isa = PBXFileReference; lastKnownFileType = sourcecode.swift; path = DetailedWordView.swift; sourceTree = "<group>"; };
		DF27BD012BBAD4000097FD10 /* WordDetailsViewModel.swift */ = {isa = PBXFileReference; lastKnownFileType = sourcecode.swift; path = WordDetailsViewModel.swift; sourceTree = "<group>"; };
		DF27BD032BBAD6010097FD10 /* WordDetailsModel.swift */ = {isa = PBXFileReference; lastKnownFileType = sourcecode.swift; path = WordDetailsModel.swift; sourceTree = "<group>"; };
		DF27BD062BBD57AD0097FD10 /* Constant.swift */ = {isa = PBXFileReference; lastKnownFileType = sourcecode.swift; path = Constant.swift; sourceTree = "<group>"; };
		DF27BD082BBD62320097FD10 /* TestWordDetailsViewModel.swift */ = {isa = PBXFileReference; lastKnownFileType = sourcecode.swift; path = TestWordDetailsViewModel.swift; sourceTree = "<group>"; };
		DF27BD0C2BBD7DF00097FD10 /* wordDetails.json */ = {isa = PBXFileReference; lastKnownFileType = text.json; path = wordDetails.json; sourceTree = "<group>"; };
/* End PBXFileReference section */

/* Begin PBXFrameworksBuildPhase section */
		DF27BCCB2BBA976D0097FD10 /* Frameworks */ = {
			isa = PBXFrameworksBuildPhase;
			buildActionMask = 2147483647;
			files = (
			);
			runOnlyForDeploymentPostprocessing = 0;
		};
		DF27BCDC2BBA97700097FD10 /* Frameworks */ = {
			isa = PBXFrameworksBuildPhase;
			buildActionMask = 2147483647;
			files = (
			);
			runOnlyForDeploymentPostprocessing = 0;
		};
		DF27BCE62BBA97700097FD10 /* Frameworks */ = {
			isa = PBXFrameworksBuildPhase;
			buildActionMask = 2147483647;
			files = (
			);
			runOnlyForDeploymentPostprocessing = 0;
		};
/* End PBXFrameworksBuildPhase section */

/* Begin PBXGroup section */
		DF27BCC52BBA976D0097FD10 = {
			isa = PBXGroup;
			children = (
				DF27BCD02BBA976D0097FD10 /* SwiftUICombineDemoProject */,
				DF27BCE22BBA97700097FD10 /* SwiftUICombineDemoProjectTests */,
				DF27BCEC2BBA97700097FD10 /* SwiftUICombineDemoProjectUITests */,
				DF27BCCF2BBA976D0097FD10 /* Products */,
			);
			sourceTree = "<group>";
		};
		DF27BCCF2BBA976D0097FD10 /* Products */ = {
			isa = PBXGroup;
			children = (
				DF27BCCE2BBA976D0097FD10 /* SwiftUICombineDemoProject.app */,
				DF27BCDF2BBA97700097FD10 /* SwiftUICombineDemoProjectTests.xctest */,
				DF27BCE92BBA97700097FD10 /* SwiftUICombineDemoProjectUITests.xctest */,
			);
			name = Products;
			sourceTree = "<group>";
		};
		DF27BCD02BBA976D0097FD10 /* SwiftUICombineDemoProject */ = {
			isa = PBXGroup;
			children = (
				DF27BD052BBD57970097FD10 /* Helper */,
				DF27BCFE2BBA9AC20097FD10 /* ViewModel */,
				DF27BCFD2BBA9ABB0097FD10 /* Model */,
				DF27BCFC2BBA97C70097FD10 /* View */,
				DF27BCD12BBA976D0097FD10 /* SwiftUICombineDemoProjectApp.swift */,
				DF27BCD52BBA976F0097FD10 /* Assets.xcassets */,
				DF27BCD72BBA976F0097FD10 /* SwiftUICombineDemoProject.entitlements */,
				DF27BCD82BBA976F0097FD10 /* Preview Content */,
				DF27BD0C2BBD7DF00097FD10 /* wordDetails.json */,
			);
			path = SwiftUICombineDemoProject;
			sourceTree = "<group>";
		};
		DF27BCD82BBA976F0097FD10 /* Preview Content */ = {
			isa = PBXGroup;
			children = (
				DF27BCD92BBA976F0097FD10 /* Preview Assets.xcassets */,
			);
			path = "Preview Content";
			sourceTree = "<group>";
		};
		DF27BCE22BBA97700097FD10 /* SwiftUICombineDemoProjectTests */ = {
			isa = PBXGroup;
			children = (
				DF27BCE32BBA97700097FD10 /* SwiftUICombineDemoProjectTests.swift */,
				DF27BD082BBD62320097FD10 /* TestWordDetailsViewModel.swift */,
			);
			path = SwiftUICombineDemoProjectTests;
			sourceTree = "<group>";
		};
		DF27BCEC2BBA97700097FD10 /* SwiftUICombineDemoProjectUITests */ = {
			isa = PBXGroup;
			children = (
				DF27BCED2BBA97700097FD10 /* SwiftUICombineDemoProjectUITests.swift */,
				DF27BCEF2BBA97700097FD10 /* SwiftUICombineDemoProjectUITestsLaunchTests.swift */,
			);
			path = SwiftUICombineDemoProjectUITests;
			sourceTree = "<group>";
		};
		DF27BCFC2BBA97C70097FD10 /* View */ = {
			isa = PBXGroup;
			children = (
				DF27BCD32BBA976D0097FD10 /* ContentView.swift */,
				DF27BCFF2BBA9B6E0097FD10 /* DetailedWordView.swift */,
			);
			path = View;
			sourceTree = "<group>";
		};
		DF27BCFD2BBA9ABB0097FD10 /* Model */ = {
			isa = PBXGroup;
			children = (
				DF27BD032BBAD6010097FD10 /* WordDetailsModel.swift */,
			);
			path = Model;
			sourceTree = "<group>";
		};
		DF27BCFE2BBA9AC20097FD10 /* ViewModel */ = {
			isa = PBXGroup;
			children = (
				DF27BD012BBAD4000097FD10 /* WordDetailsViewModel.swift */,
			);
			path = ViewModel;
			sourceTree = "<group>";
		};
		DF27BD052BBD57970097FD10 /* Helper */ = {
			isa = PBXGroup;
			children = (
				DF27BD062BBD57AD0097FD10 /* Constant.swift */,
			);
			path = Helper;
			sourceTree = "<group>";
		};
/* End PBXGroup section */

/* Begin PBXNativeTarget section */
		DF27BCCD2BBA976D0097FD10 /* SwiftUICombineDemoProject */ = {
			isa = PBXNativeTarget;
			buildConfigurationList = DF27BCF32BBA97700097FD10 /* Build configuration list for PBXNativeTarget "SwiftUICombineDemoProject" */;
			buildPhases = (
				DF27BCCA2BBA976D0097FD10 /* Sources */,
				DF27BCCB2BBA976D0097FD10 /* Frameworks */,
				DF27BCCC2BBA976D0097FD10 /* Resources */,
			);
			buildRules = (
			);
			dependencies = (
			);
			name = SwiftUICombineDemoProject;
			productName = SwiftUICombineDemoProject;
			productReference = DF27BCCE2BBA976D0097FD10 /* SwiftUICombineDemoProject.app */;
			productType = "com.apple.product-type.application";
		};
		DF27BCDE2BBA97700097FD10 /* SwiftUICombineDemoProjectTests */ = {
			isa = PBXNativeTarget;
			buildConfigurationList = DF27BCF62BBA97700097FD10 /* Build configuration list for PBXNativeTarget "SwiftUICombineDemoProjectTests" */;
			buildPhases = (
				DF27BCDB2BBA97700097FD10 /* Sources */,
				DF27BCDC2BBA97700097FD10 /* Frameworks */,
				DF27BCDD2BBA97700097FD10 /* Resources */,
			);
			buildRules = (
			);
			dependencies = (
				DF27BCE12BBA97700097FD10 /* PBXTargetDependency */,
			);
			name = SwiftUICombineDemoProjectTests;
			productName = SwiftUICombineDemoProjectTests;
			productReference = DF27BCDF2BBA97700097FD10 /* SwiftUICombineDemoProjectTests.xctest */;
			productType = "com.apple.product-type.bundle.unit-test";
		};
		DF27BCE82BBA97700097FD10 /* SwiftUICombineDemoProjectUITests */ = {
			isa = PBXNativeTarget;
			buildConfigurationList = DF27BCF92BBA97700097FD10 /* Build configuration list for PBXNativeTarget "SwiftUICombineDemoProjectUITests" */;
			buildPhases = (
				DF27BCE52BBA97700097FD10 /* Sources */,
				DF27BCE62BBA97700097FD10 /* Frameworks */,
				DF27BCE72BBA97700097FD10 /* Resources */,
			);
			buildRules = (
			);
			dependencies = (
				DF27BCEB2BBA97700097FD10 /* PBXTargetDependency */,
			);
			name = SwiftUICombineDemoProjectUITests;
			productName = SwiftUICombineDemoProjectUITests;
			productReference = DF27BCE92BBA97700097FD10 /* SwiftUICombineDemoProjectUITests.xctest */;
			productType = "com.apple.product-type.bundle.ui-testing";
		};
/* End PBXNativeTarget section */

/* Begin PBXProject section */
		DF27BCC62BBA976D0097FD10 /* Project object */ = {
			isa = PBXProject;
			attributes = {
				BuildIndependentTargetsInParallel = 1;
				LastSwiftUpdateCheck = 1530;
				LastUpgradeCheck = 1530;
				TargetAttributes = {
					DF27BCCD2BBA976D0097FD10 = {
						CreatedOnToolsVersion = 15.3;
					};
					DF27BCDE2BBA97700097FD10 = {
						CreatedOnToolsVersion = 15.3;
						TestTargetID = DF27BCCD2BBA976D0097FD10;
					};
					DF27BCE82BBA97700097FD10 = {
						CreatedOnToolsVersion = 15.3;
						TestTargetID = DF27BCCD2BBA976D0097FD10;
					};
				};
			};
			buildConfigurationList = DF27BCC92BBA976D0097FD10 /* Build configuration list for PBXProject "SwiftUICombineDemoProject" */;
			compatibilityVersion = "Xcode 14.0";
			developmentRegion = en;
			hasScannedForEncodings = 0;
			knownRegions = (
				en,
				Base,
			);
			mainGroup = DF27BCC52BBA976D0097FD10;
			productRefGroup = DF27BCCF2BBA976D0097FD10 /* Products */;
			projectDirPath = "";
			projectRoot = "";
			targets = (
				DF27BCCD2BBA976D0097FD10 /* SwiftUICombineDemoProject */,
				DF27BCDE2BBA97700097FD10 /* SwiftUICombineDemoProjectTests */,
				DF27BCE82BBA97700097FD10 /* SwiftUICombineDemoProjectUITests */,
			);
		};
/* End PBXProject section */

/* Begin PBXResourcesBuildPhase section */
		DF27BCCC2BBA976D0097FD10 /* Resources */ = {
			isa = PBXResourcesBuildPhase;
			buildActionMask = 2147483647;
			files = (
				DF27BCDA2BBA976F0097FD10 /* Preview Assets.xcassets in Resources */,
				DF27BCD62BBA976F0097FD10 /* Assets.xcassets in Resources */,
				DF27BD0D2BBD7DF00097FD10 /* wordDetails.json in Resources */,
			);
			runOnlyForDeploymentPostprocessing = 0;
		};
		DF27BCDD2BBA97700097FD10 /* Resources */ = {
			isa = PBXResourcesBuildPhase;
			buildActionMask = 2147483647;
			files = (
			);
			runOnlyForDeploymentPostprocessing = 0;
		};
		DF27BCE72BBA97700097FD10 /* Resources */ = {
			isa = PBXResourcesBuildPhase;
			buildActionMask = 2147483647;
			files = (
			);
			runOnlyForDeploymentPostprocessing = 0;
		};
/* End PBXResourcesBuildPhase section */

/* Begin PBXSourcesBuildPhase section */
		DF27BCCA2BBA976D0097FD10 /* Sources */ = {
			isa = PBXSourcesBuildPhase;
			buildActionMask = 2147483647;
			files = (
				DF27BCD42BBA976D0097FD10 /* ContentView.swift in Sources */,
				DF27BD002BBA9B6E0097FD10 /* DetailedWordView.swift in Sources */,
				DF27BCD22BBA976D0097FD10 /* SwiftUICombineDemoProjectApp.swift in Sources */,
				DF27BD022BBAD4000097FD10 /* WordDetailsViewModel.swift in Sources */,
				DF27BD042BBAD6010097FD10 /* WordDetailsModel.swift in Sources */,
				DF27BD072BBD57AD0097FD10 /* Constant.swift in Sources */,
			);
			runOnlyForDeploymentPostprocessing = 0;
		};
		DF27BCDB2BBA97700097FD10 /* Sources */ = {
			isa = PBXSourcesBuildPhase;
			buildActionMask = 2147483647;
			files = (
				DF27BCE42BBA97700097FD10 /* SwiftUICombineDemoProjectTests.swift in Sources */,
				DF27BD092BBD62320097FD10 /* TestWordDetailsViewModel.swift in Sources */,
			);
			runOnlyForDeploymentPostprocessing = 0;
		};
		DF27BCE52BBA97700097FD10 /* Sources */ = {
			isa = PBXSourcesBuildPhase;
			buildActionMask = 2147483647;
			files = (
				DF27BCEE2BBA97700097FD10 /* SwiftUICombineDemoProjectUITests.swift in Sources */,
				DF27BCF02BBA97700097FD10 /* SwiftUICombineDemoProjectUITestsLaunchTests.swift in Sources */,
			);
			runOnlyForDeploymentPostprocessing = 0;
		};
/* End PBXSourcesBuildPhase section */

/* Begin PBXTargetDependency section */
		DF27BCE12BBA97700097FD10 /* PBXTargetDependency */ = {
			isa = PBXTargetDependency;
			target = DF27BCCD2BBA976D0097FD10 /* SwiftUICombineDemoProject */;
			targetProxy = DF27BCE02BBA97700097FD10 /* PBXContainerItemProxy */;
		};
		DF27BCEB2BBA97700097FD10 /* PBXTargetDependency */ = {
			isa = PBXTargetDependency;
			target = DF27BCCD2BBA976D0097FD10 /* SwiftUICombineDemoProject */;
			targetProxy = DF27BCEA2BBA97700097FD10 /* PBXContainerItemProxy */;
		};
/* End PBXTargetDependency section */

/* Begin XCBuildConfiguration section */
		DF27BCF12BBA97700097FD10 /* Debug */ = {
			isa = XCBuildConfiguration;
			buildSettings = {
				ALWAYS_SEARCH_USER_PATHS = NO;
				ASSETCATALOG_COMPILER_GENERATE_SWIFT_ASSET_SYMBOL_EXTENSIONS = YES;
				CLANG_ANALYZER_NONNULL = YES;
				CLANG_ANALYZER_NUMBER_OBJECT_CONVERSION = YES_AGGRESSIVE;
				CLANG_CXX_LANGUAGE_STANDARD = "gnu++20";
				CLANG_ENABLE_MODULES = YES;
				CLANG_ENABLE_OBJC_ARC = YES;
				CLANG_ENABLE_OBJC_WEAK = YES;
				CLANG_WARN_BLOCK_CAPTURE_AUTORELEASING = YES;
				CLANG_WARN_BOOL_CONVERSION = YES;
				CLANG_WARN_COMMA = YES;
				CLANG_WARN_CONSTANT_CONVERSION = YES;
				CLANG_WARN_DEPRECATED_OBJC_IMPLEMENTATIONS = YES;
				CLANG_WARN_DIRECT_OBJC_ISA_USAGE = YES_ERROR;
				CLANG_WARN_DOCUMENTATION_COMMENTS = YES;
				CLANG_WARN_EMPTY_BODY = YES;
				CLANG_WARN_ENUM_CONVERSION = YES;
				CLANG_WARN_INFINITE_RECURSION = YES;
				CLANG_WARN_INT_CONVERSION = YES;
				CLANG_WARN_NON_LITERAL_NULL_CONVERSION = YES;
				CLANG_WARN_OBJC_IMPLICIT_RETAIN_SELF = YES;
				CLANG_WARN_OBJC_LITERAL_CONVERSION = YES;
				CLANG_WARN_OBJC_ROOT_CLASS = YES_ERROR;
				CLANG_WARN_QUOTED_INCLUDE_IN_FRAMEWORK_HEADER = YES;
				CLANG_WARN_RANGE_LOOP_ANALYSIS = YES;
				CLANG_WARN_STRICT_PROTOTYPES = YES;
				CLANG_WARN_SUSPICIOUS_MOVE = YES;
				CLANG_WARN_UNGUARDED_AVAILABILITY = YES_AGGRESSIVE;
				CLANG_WARN_UNREACHABLE_CODE = YES;
				CLANG_WARN__DUPLICATE_METHOD_MATCH = YES;
				COPY_PHASE_STRIP = NO;
				DEBUG_INFORMATION_FORMAT = dwarf;
				ENABLE_STRICT_OBJC_MSGSEND = YES;
				ENABLE_TESTABILITY = YES;
				ENABLE_USER_SCRIPT_SANDBOXING = YES;
				GCC_C_LANGUAGE_STANDARD = gnu17;
				GCC_DYNAMIC_NO_PIC = NO;
				GCC_NO_COMMON_BLOCKS = YES;
				GCC_OPTIMIZATION_LEVEL = 0;
				GCC_PREPROCESSOR_DEFINITIONS = (
					"DEBUG=1",
					"$(inherited)",
				);
				GCC_WARN_64_TO_32_BIT_CONVERSION = YES;
				GCC_WARN_ABOUT_RETURN_TYPE = YES_ERROR;
				GCC_WARN_UNDECLARED_SELECTOR = YES;
				GCC_WARN_UNINITIALIZED_AUTOS = YES_AGGRESSIVE;
				GCC_WARN_UNUSED_FUNCTION = YES;
				GCC_WARN_UNUSED_VARIABLE = YES;
				LOCALIZATION_PREFERS_STRING_CATALOGS = YES;
				MTL_ENABLE_DEBUG_INFO = INCLUDE_SOURCE;
				MTL_FAST_MATH = YES;
				ONLY_ACTIVE_ARCH = YES;
				SWIFT_ACTIVE_COMPILATION_CONDITIONS = "DEBUG $(inherited)";
				SWIFT_OPTIMIZATION_LEVEL = "-Onone";
			};
			name = Debug;
		};
		DF27BCF22BBA97700097FD10 /* Release */ = {
			isa = XCBuildConfiguration;
			buildSettings = {
				ALWAYS_SEARCH_USER_PATHS = NO;
				ASSETCATALOG_COMPILER_GENERATE_SWIFT_ASSET_SYMBOL_EXTENSIONS = YES;
				CLANG_ANALYZER_NONNULL = YES;
				CLANG_ANALYZER_NUMBER_OBJECT_CONVERSION = YES_AGGRESSIVE;
				CLANG_CXX_LANGUAGE_STANDARD = "gnu++20";
				CLANG_ENABLE_MODULES = YES;
				CLANG_ENABLE_OBJC_ARC = YES;
				CLANG_ENABLE_OBJC_WEAK = YES;
				CLANG_WARN_BLOCK_CAPTURE_AUTORELEASING = YES;
				CLANG_WARN_BOOL_CONVERSION = YES;
				CLANG_WARN_COMMA = YES;
				CLANG_WARN_CONSTANT_CONVERSION = YES;
				CLANG_WARN_DEPRECATED_OBJC_IMPLEMENTATIONS = YES;
				CLANG_WARN_DIRECT_OBJC_ISA_USAGE = YES_ERROR;
				CLANG_WARN_DOCUMENTATION_COMMENTS = YES;
				CLANG_WARN_EMPTY_BODY = YES;
				CLANG_WARN_ENUM_CONVERSION = YES;
				CLANG_WARN_INFINITE_RECURSION = YES;
				CLANG_WARN_INT_CONVERSION = YES;
				CLANG_WARN_NON_LITERAL_NULL_CONVERSION = YES;
				CLANG_WARN_OBJC_IMPLICIT_RETAIN_SELF = YES;
				CLANG_WARN_OBJC_LITERAL_CONVERSION = YES;
				CLANG_WARN_OBJC_ROOT_CLASS = YES_ERROR;
				CLANG_WARN_QUOTED_INCLUDE_IN_FRAMEWORK_HEADER = YES;
				CLANG_WARN_RANGE_LOOP_ANALYSIS = YES;
				CLANG_WARN_STRICT_PROTOTYPES = YES;
				CLANG_WARN_SUSPICIOUS_MOVE = YES;
				CLANG_WARN_UNGUARDED_AVAILABILITY = YES_AGGRESSIVE;
				CLANG_WARN_UNREACHABLE_CODE = YES;
				CLANG_WARN__DUPLICATE_METHOD_MATCH = YES;
				COPY_PHASE_STRIP = NO;
				DEBUG_INFORMATION_FORMAT = "dwarf-with-dsym";
				ENABLE_NS_ASSERTIONS = NO;
				ENABLE_STRICT_OBJC_MSGSEND = YES;
				ENABLE_USER_SCRIPT_SANDBOXING = YES;
				GCC_C_LANGUAGE_STANDARD = gnu17;
				GCC_NO_COMMON_BLOCKS = YES;
				GCC_WARN_64_TO_32_BIT_CONVERSION = YES;
				GCC_WARN_ABOUT_RETURN_TYPE = YES_ERROR;
				GCC_WARN_UNDECLARED_SELECTOR = YES;
				GCC_WARN_UNINITIALIZED_AUTOS = YES_AGGRESSIVE;
				GCC_WARN_UNUSED_FUNCTION = YES;
				GCC_WARN_UNUSED_VARIABLE = YES;
				LOCALIZATION_PREFERS_STRING_CATALOGS = YES;
				MTL_ENABLE_DEBUG_INFO = NO;
				MTL_FAST_MATH = YES;
				SWIFT_COMPILATION_MODE = wholemodule;
			};
			name = Release;
		};
		DF27BCF42BBA97700097FD10 /* Debug */ = {
			isa = XCBuildConfiguration;
			buildSettings = {
				ASSETCATALOG_COMPILER_APPICON_NAME = AppIcon;
				ASSETCATALOG_COMPILER_GLOBAL_ACCENT_COLOR_NAME = AccentColor;
				CODE_SIGN_ENTITLEMENTS = SwiftUICombineDemoProject/SwiftUICombineDemoProject.entitlements;
				CODE_SIGN_STYLE = Automatic;
				CURRENT_PROJECT_VERSION = 1;
				DEVELOPMENT_ASSET_PATHS = "\"SwiftUICombineDemoProject/Preview Content\"";
				ENABLE_PREVIEWS = YES;
				GENERATE_INFOPLIST_FILE = YES;
				"INFOPLIST_KEY_UIApplicationSceneManifest_Generation[sdk=iphoneos*]" = YES;
				"INFOPLIST_KEY_UIApplicationSceneManifest_Generation[sdk=iphonesimulator*]" = YES;
				"INFOPLIST_KEY_UIApplicationSupportsIndirectInputEvents[sdk=iphoneos*]" = YES;
				"INFOPLIST_KEY_UIApplicationSupportsIndirectInputEvents[sdk=iphonesimulator*]" = YES;
				"INFOPLIST_KEY_UILaunchScreen_Generation[sdk=iphoneos*]" = YES;
				"INFOPLIST_KEY_UILaunchScreen_Generation[sdk=iphonesimulator*]" = YES;
				"INFOPLIST_KEY_UIStatusBarStyle[sdk=iphoneos*]" = UIStatusBarStyleDefault;
				"INFOPLIST_KEY_UIStatusBarStyle[sdk=iphonesimulator*]" = UIStatusBarStyleDefault;
				INFOPLIST_KEY_UISupportedInterfaceOrientations_iPad = "UIInterfaceOrientationPortrait UIInterfaceOrientationPortraitUpsideDown UIInterfaceOrientationLandscapeLeft UIInterfaceOrientationLandscapeRight";
				INFOPLIST_KEY_UISupportedInterfaceOrientations_iPhone = "UIInterfaceOrientationPortrait UIInterfaceOrientationLandscapeLeft UIInterfaceOrientationLandscapeRight";
				IPHONEOS_DEPLOYMENT_TARGET = 17.4;
				LD_RUNPATH_SEARCH_PATHS = "@executable_path/Frameworks";
				"LD_RUNPATH_SEARCH_PATHS[sdk=macosx*]" = "@executable_path/../Frameworks";
				MACOSX_DEPLOYMENT_TARGET = 14.4;
				MARKETING_VERSION = 1.0;
				PRODUCT_BUNDLE_IDENTIFIER = test.SwiftUICombineDemoProject;
				PRODUCT_NAME = "$(TARGET_NAME)";
				SDKROOT = auto;
				SUPPORTED_PLATFORMS = "iphoneos iphonesimulator macosx";
				SWIFT_EMIT_LOC_STRINGS = YES;
				SWIFT_VERSION = 5.0;
				TARGETED_DEVICE_FAMILY = "1,2";
			};
			name = Debug;
		};
		DF27BCF52BBA97700097FD10 /* Release */ = {
			isa = XCBuildConfiguration;
			buildSettings = {
				ASSETCATALOG_COMPILER_APPICON_NAME = AppIcon;
				ASSETCATALOG_COMPILER_GLOBAL_ACCENT_COLOR_NAME = AccentColor;
				CODE_SIGN_ENTITLEMENTS = SwiftUICombineDemoProject/SwiftUICombineDemoProject.entitlements;
				CODE_SIGN_STYLE = Automatic;
				CURRENT_PROJECT_VERSION = 1;
				DEVELOPMENT_ASSET_PATHS = "\"SwiftUICombineDemoProject/Preview Content\"";
				ENABLE_PREVIEWS = YES;
				GENERATE_INFOPLIST_FILE = YES;
				"INFOPLIST_KEY_UIApplicationSceneManifest_Generation[sdk=iphoneos*]" = YES;
				"INFOPLIST_KEY_UIApplicationSceneManifest_Generation[sdk=iphonesimulator*]" = YES;
				"INFOPLIST_KEY_UIApplicationSupportsIndirectInputEvents[sdk=iphoneos*]" = YES;
				"INFOPLIST_KEY_UIApplicationSupportsIndirectInputEvents[sdk=iphonesimulator*]" = YES;
				"INFOPLIST_KEY_UILaunchScreen_Generation[sdk=iphoneos*]" = YES;
				"INFOPLIST_KEY_UILaunchScreen_Generation[sdk=iphonesimulator*]" = YES;
				"INFOPLIST_KEY_UIStatusBarStyle[sdk=iphoneos*]" = UIStatusBarStyleDefault;
				"INFOPLIST_KEY_UIStatusBarStyle[sdk=iphonesimulator*]" = UIStatusBarStyleDefault;
				INFOPLIST_KEY_UISupportedInterfaceOrientations_iPad = "UIInterfaceOrientationPortrait UIInterfaceOrientationPortraitUpsideDown UIInterfaceOrientationLandscapeLeft UIInterfaceOrientationLandscapeRight";
				INFOPLIST_KEY_UISupportedInterfaceOrientations_iPhone = "UIInterfaceOrientationPortrait UIInterfaceOrientationLandscapeLeft UIInterfaceOrientationLandscapeRight";
				IPHONEOS_DEPLOYMENT_TARGET = 17.4;
				LD_RUNPATH_SEARCH_PATHS = "@executable_path/Frameworks";
				"LD_RUNPATH_SEARCH_PATHS[sdk=macosx*]" = "@executable_path/../Frameworks";
				MACOSX_DEPLOYMENT_TARGET = 14.4;
				MARKETING_VERSION = 1.0;
				PRODUCT_BUNDLE_IDENTIFIER = test.SwiftUICombineDemoProject;
				PRODUCT_NAME = "$(TARGET_NAME)";
				SDKROOT = auto;
				SUPPORTED_PLATFORMS = "iphoneos iphonesimulator macosx";
				SWIFT_EMIT_LOC_STRINGS = YES;
				SWIFT_VERSION = 5.0;
				TARGETED_DEVICE_FAMILY = "1,2";
			};
			name = Release;
		};
		DF27BCF72BBA97700097FD10 /* Debug */ = {
			isa = XCBuildConfiguration;
			buildSettings = {
				ALWAYS_EMBED_SWIFT_STANDARD_LIBRARIES = YES;
				BUNDLE_LOADER = "$(TEST_HOST)";
				CODE_SIGN_STYLE = Automatic;
				CURRENT_PROJECT_VERSION = 1;
				GENERATE_INFOPLIST_FILE = YES;
				IPHONEOS_DEPLOYMENT_TARGET = 17.4;
				MACOSX_DEPLOYMENT_TARGET = 14.4;
				MARKETING_VERSION = 1.0;
				PRODUCT_BUNDLE_IDENTIFIER = test.SwiftUICombineDemoProjectTests;
				PRODUCT_NAME = "$(TARGET_NAME)";
				SDKROOT = auto;
				SUPPORTED_PLATFORMS = "iphoneos iphonesimulator macosx";
				SWIFT_EMIT_LOC_STRINGS = NO;
				SWIFT_VERSION = 5.0;
				TARGETED_DEVICE_FAMILY = "1,2";
				TEST_HOST = "$(BUILT_PRODUCTS_DIR)/SwiftUICombineDemoProject.app/$(BUNDLE_EXECUTABLE_FOLDER_PATH)/SwiftUICombineDemoProject";
			};
			name = Debug;
		};
		DF27BCF82BBA97700097FD10 /* Release */ = {
			isa = XCBuildConfiguration;
			buildSettings = {
				ALWAYS_EMBED_SWIFT_STANDARD_LIBRARIES = YES;
				BUNDLE_LOADER = "$(TEST_HOST)";
				CODE_SIGN_STYLE = Automatic;
				CURRENT_PROJECT_VERSION = 1;
				GENERATE_INFOPLIST_FILE = YES;
				IPHONEOS_DEPLOYMENT_TARGET = 17.4;
				MACOSX_DEPLOYMENT_TARGET = 14.4;
				MARKETING_VERSION = 1.0;
				PRODUCT_BUNDLE_IDENTIFIER = test.SwiftUICombineDemoProjectTests;
				PRODUCT_NAME = "$(TARGET_NAME)";
				SDKROOT = auto;
				SUPPORTED_PLATFORMS = "iphoneos iphonesimulator macosx";
				SWIFT_EMIT_LOC_STRINGS = NO;
				SWIFT_VERSION = 5.0;
				TARGETED_DEVICE_FAMILY = "1,2";
				TEST_HOST = "$(BUILT_PRODUCTS_DIR)/SwiftUICombineDemoProject.app/$(BUNDLE_EXECUTABLE_FOLDER_PATH)/SwiftUICombineDemoProject";
			};
			name = Release;
		};
		DF27BCFA2BBA97700097FD10 /* Debug */ = {
			isa = XCBuildConfiguration;
			buildSettings = {
				ALWAYS_EMBED_SWIFT_STANDARD_LIBRARIES = YES;
				CODE_SIGN_STYLE = Automatic;
				CURRENT_PROJECT_VERSION = 1;
				GENERATE_INFOPLIST_FILE = YES;
				IPHONEOS_DEPLOYMENT_TARGET = 17.4;
				MACOSX_DEPLOYMENT_TARGET = 14.4;
				MARKETING_VERSION = 1.0;
				PRODUCT_BUNDLE_IDENTIFIER = test.SwiftUICombineDemoProjectUITests;
				PRODUCT_NAME = "$(TARGET_NAME)";
				SDKROOT = auto;
				SUPPORTED_PLATFORMS = "iphoneos iphonesimulator macosx";
				SWIFT_EMIT_LOC_STRINGS = NO;
				SWIFT_VERSION = 5.0;
				TARGETED_DEVICE_FAMILY = "1,2";
				TEST_TARGET_NAME = SwiftUICombineDemoProject;
			};
			name = Debug;
		};
		DF27BCFB2BBA97700097FD10 /* Release */ = {
			isa = XCBuildConfiguration;
			buildSettings = {
				ALWAYS_EMBED_SWIFT_STANDARD_LIBRARIES = YES;
				CODE_SIGN_STYLE = Automatic;
				CURRENT_PROJECT_VERSION = 1;
				GENERATE_INFOPLIST_FILE = YES;
				IPHONEOS_DEPLOYMENT_TARGET = 17.4;
				MACOSX_DEPLOYMENT_TARGET = 14.4;
				MARKETING_VERSION = 1.0;
				PRODUCT_BUNDLE_IDENTIFIER = test.SwiftUICombineDemoProjectUITests;
				PRODUCT_NAME = "$(TARGET_NAME)";
				SDKROOT = auto;
				SUPPORTED_PLATFORMS = "iphoneos iphonesimulator macosx";
				SWIFT_EMIT_LOC_STRINGS = NO;
				SWIFT_VERSION = 5.0;
				TARGETED_DEVICE_FAMILY = "1,2";
				TEST_TARGET_NAME = SwiftUICombineDemoProject;
			};
			name = Release;
		};
/* End XCBuildConfiguration section */

/* Begin XCConfigurationList section */
		DF27BCC92BBA976D0097FD10 /* Build configuration list for PBXProject "SwiftUICombineDemoProject" */ = {
			isa = XCConfigurationList;
			buildConfigurations = (
				DF27BCF12BBA97700097FD10 /* Debug */,
				DF27BCF22BBA97700097FD10 /* Release */,
			);
			defaultConfigurationIsVisible = 0;
			defaultConfigurationName = Release;
		};
		DF27BCF32BBA97700097FD10 /* Build configuration list for PBXNativeTarget "SwiftUICombineDemoProject" */ = {
			isa = XCConfigurationList;
			buildConfigurations = (
				DF27BCF42BBA97700097FD10 /* Debug */,
				DF27BCF52BBA97700097FD10 /* Release */,
			);
			defaultConfigurationIsVisible = 0;
			defaultConfigurationName = Release;
		};
		DF27BCF62BBA97700097FD10 /* Build configuration list for PBXNativeTarget "SwiftUICombineDemoProjectTests" */ = {
			isa = XCConfigurationList;
			buildConfigurations = (
				DF27BCF72BBA97700097FD10 /* Debug */,
				DF27BCF82BBA97700097FD10 /* Release */,
			);
			defaultConfigurationIsVisible = 0;
			defaultConfigurationName = Release;
		};
		DF27BCF92BBA97700097FD10 /* Build configuration list for PBXNativeTarget "SwiftUICombineDemoProjectUITests" */ = {
			isa = XCConfigurationList;
			buildConfigurations = (
				DF27BCFA2BBA97700097FD10 /* Debug */,
				DF27BCFB2BBA97700097FD10 /* Release */,
			);
			defaultConfigurationIsVisible = 0;
			defaultConfigurationName = Release;
		};
/* End XCConfigurationList section */
	};
	rootObject = DF27BCC62BBA976D0097FD10 /* Project object */;
}
